
Microsoft Visual Studio Solution File, Format Version 12.00
# Visual Studio Version 18
VisualStudioVersion = 18.3.11520.95
MinimumVisualStudioVersion = 10.0.40219.1
Project("{FAE04EC0-301F-11D3-BF4B-00C04F79EFBC}") = "LetheAISharp", "..\LetheAISharp\LetheAISharp.csproj", "{A55AEDED-F358-4E07-90C6-F8865BDEDE61}"
EndProject
Project("{FAE04EC0-301F-11D3-BF4B-00C04F79EFBC}") = "LetheChat", "LetheChat.csproj", "{9F183BF6-AB13-3A8C-BAAA-0EF61FA23043}"
EndProject
Global
	GlobalSection(SolutionConfigurationPlatforms) = preSolution
		Debug|Any CPU = Debug|Any CPU
		Release|Any CPU = Release|Any CPU
	EndGlobalSection
	GlobalSection(ProjectConfigurationPlatforms) = postSolution
		{A55AEDED-F358-4E07-90C6-F8865BDEDE61}.Debug|Any CPU.ActiveCfg = Debug|Any CPU
		{A55AEDED-F358-4E07-90C6-F8865BDEDE61}.Debug|Any CPU.Build.0 = Debug|Any CPU
		{A55AEDED-F358-4E07-90C6-F8865BDEDE61}.Release|Any CPU.ActiveCfg = Release|Any CPU
		{A55AEDED-F358-4E07-90C6-F8865BDEDE61}.Release|Any CPU.Build.0 = Release|Any CPU
		{9F183BF6-AB13-3A8C-BAAA-0EF61FA23043}.Debug|Any CPU.ActiveCfg = Debug|Any CPU
		{9F183BF6-AB13-3A8C-BAAA-0EF61FA23043}.Debug|Any CPU.Build.0 = Debug|Any CPU
		{9F183BF6-AB13-3A8C-BAAA-0EF61FA23043}.Release|Any CPU.ActiveCfg = Release|Any CPU
		{9F183BF6-AB13-3A8C-BAAA-0EF61FA23043}.Release|Any CPU.Build.0 = Release|Any CPU
	EndGlobalSection
	GlobalSection(SolutionProperties) = preSolution
		HideSolutionNode = FALSE
	EndGlobalSection
	GlobalSection(ExtensibilityGlobals) = postSolution
		SolutionGuid = {0C3DEA0C-255A-488A-8214-3842CCA5DA66}
	EndGlobalSection
EndGlobal
