
Microsoft Visual Studio Solution File, Format Version 12.00
# Visual Studio Version 17
VisualStudioVersion = 17.11.35312.102
MinimumVisualStudioVersion = 10.0.40219.1
Project("{FAE04EC0-301F-11D3-BF4B-00C04F79EFBC}") = "LetheChat", "LetheChat.csproj", "{DF61DF11-34FA-490F-985E-2AB39D43C838}"
	ProjectSection(ProjectDependencies) = postProject
		{A55AEDED-F358-4E07-90C6-F8865BDEDE61} = {A55AEDED-F358-4E07-90C6-F8865BDEDE61}
	EndProjectSection
EndProject
Project("{FAE04EC0-301F-11D3-BF4B-00C04F79EFBC}") = "LetheAISharp", "..\AnarkisTools\LetheAISharp.csproj", "{A55AEDED-F358-4E07-90C6-F8865BDEDE61}"
EndProject
Global
	GlobalSection(SolutionConfigurationPlatforms) = preSolution
		Debug|Any CPU = Debug|Any CPU
		Release|Any CPU = Release|Any CPU
	EndGlobalSection
	GlobalSection(ProjectConfigurationPlatforms) = postSolution
		{DF61DF11-34FA-490F-985E-2AB39D43C838}.Debug|Any CPU.ActiveCfg = Debug|Any CPU
		{DF61DF11-34FA-490F-985E-2AB39D43C838}.Debug|Any CPU.Build.0 = Debug|Any CPU
		{DF61DF11-34FA-490F-985E-2AB39D43C838}.Release|Any CPU.ActiveCfg = Release|Any CPU
		{DF61DF11-34FA-490F-985E-2AB39D43C838}.Release|Any CPU.Build.0 = Release|Any CPU
		{A55AEDED-F358-4E07-90C6-F8865BDEDE61}.Debug|Any CPU.ActiveCfg = Debug|Any CPU
		{A55AEDED-F358-4E07-90C6-F8865BDEDE61}.Debug|Any CPU.Build.0 = Debug|Any CPU
		{A55AEDED-F358-4E07-90C6-F8865BDEDE61}.Release|Any CPU.ActiveCfg = Release|Any CPU
		{A55AEDED-F358-4E07-90C6-F8865BDEDE61}.Release|Any CPU.Build.0 = Release|Any CPU
		{A05F6284-E80E-E49A-5A60-E5A1C6A61C3D}.Debug|Any CPU.ActiveCfg = Debug|Any CPU
		{A05F6284-E80E-E49A-5A60-E5A1C6A61C3D}.Debug|Any CPU.Build.0 = Debug|Any CPU
		{A05F6284-E80E-E49A-5A60-E5A1C6A61C3D}.Release|Any CPU.ActiveCfg = Release|Any CPU
		{A05F6284-E80E-E49A-5A60-E5A1C6A61C3D}.Release|Any CPU.Build.0 = Release|Any CPU
	EndGlobalSection
	GlobalSection(SolutionProperties) = preSolution
		HideSolutionNode = FALSE
	EndGlobalSection
	GlobalSection(ExtensibilityGlobals) = postSolution
		SolutionGuid = {0C3DEA0C-255A-488A-8214-3842CCA5DA66}
	EndGlobalSection
EndGlobal
